// !$*UTF8*$!
{
	archiveVersion = 1;
	classes = {
	};
	objectVersion = 56;
	objects = {

/* Begin PBXBuildFile section */
		8923ECCB2A295691003AF347 /* AuthViewModel.swift in Sources */ = {isa = PBXBuildFile; fileRef = 8923ECCA2A295691003AF347 /* AuthViewModel.swift */; };
		8923ECCD2A2F867E003AF347 /* AuthenticationService.swift in Sources */ = {isa = PBXBuildFile; fileRef = 8923ECCC2A2F867E003AF347 /* AuthenticationService.swift */; };
		8923ECCF2A2F86D2003AF347 /* UserData.swift in Sources */ = {isa = PBXBuildFile; fileRef = 8923ECCE2A2F86D2003AF347 /* UserData.swift */; };
		893138E429DB8E1A00FDF70B /* WelcomeView.swift in Sources */ = {isa = PBXBuildFile; fileRef = 893138E329DB8E1A00FDF70B /* WelcomeView.swift */; };
		893138E829DB8EBB00FDF70B /* Colors.swift in Sources */ = {isa = PBXBuildFile; fileRef = 893138E729DB8EBB00FDF70B /* Colors.swift */; };
		893138EA29DB8EC300FDF70B /* Images.swift in Sources */ = {isa = PBXBuildFile; fileRef = 893138E929DB8EC300FDF70B /* Images.swift */; };
		893138EC29DB8ED100FDF70B /* Icons.swift in Sources */ = {isa = PBXBuildFile; fileRef = 893138EB29DB8ED100FDF70B /* Icons.swift */; };
		893138EE29DB90E700FDF70B /* BodyStatsView.swift in Sources */ = {isa = PBXBuildFile; fileRef = 893138ED29DB90E700FDF70B /* BodyStatsView.swift */; };
		893138F029DB967100FDF70B /* MacroCalculationView.swift in Sources */ = {isa = PBXBuildFile; fileRef = 893138EF29DB967100FDF70B /* MacroCalculationView.swift */; };
		893138F229DCD6B000FDF70B /* BioView.swift in Sources */ = {isa = PBXBuildFile; fileRef = 893138F129DCD6B000FDF70B /* BioView.swift */; };
		893138F429DCD95B00FDF70B /* CustomTextField.swift in Sources */ = {isa = PBXBuildFile; fileRef = 893138F329DCD95B00FDF70B /* CustomTextField.swift */; };
		893138F629DCDD5F00FDF70B /* CustomSegmentedPicker.swift in Sources */ = {isa = PBXBuildFile; fileRef = 893138F529DCDD5F00FDF70B /* CustomSegmentedPicker.swift */; };
		893138F829DCE20900FDF70B /* CustomScrollPicker.swift in Sources */ = {isa = PBXBuildFile; fileRef = 893138F729DCE20900FDF70B /* CustomScrollPicker.swift */; };
		893138FA29DE2C5900FDF70B /* CustomWeightPicker.swift in Sources */ = {isa = PBXBuildFile; fileRef = 893138F929DE2C5900FDF70B /* CustomWeightPicker.swift */; };
		893138FC29DE31F800FDF70B /* TrainingExperienceView.swift in Sources */ = {isa = PBXBuildFile; fileRef = 893138FB29DE31F800FDF70B /* TrainingExperienceView.swift */; };
		8934132D29D7897000D9457B /* MacroFlexV1App.swift in Sources */ = {isa = PBXBuildFile; fileRef = 8934132C29D7897000D9457B /* MacroFlexV1App.swift */; };
		8934132F29D7897000D9457B /* ContentView.swift in Sources */ = {isa = PBXBuildFile; fileRef = 8934132E29D7897000D9457B /* ContentView.swift */; };
		8934133129D7897100D9457B /* Assets.xcassets in Resources */ = {isa = PBXBuildFile; fileRef = 8934133029D7897100D9457B /* Assets.xcassets */; };
		8934133429D7897100D9457B /* Preview Assets.xcassets in Resources */ = {isa = PBXBuildFile; fileRef = 8934133329D7897100D9457B /* Preview Assets.xcassets */; };
		8934133C29D78A4F00D9457B /* SwiftfulRouting in Frameworks */ = {isa = PBXBuildFile; productRef = 8934133B29D78A4F00D9457B /* SwiftfulRouting */; };
		8934133E29D78B2400D9457B /* DashboardView.swift in Sources */ = {isa = PBXBuildFile; fileRef = 8934133D29D78B2400D9457B /* DashboardView.swift */; };
		8934134529D78D0500D9457B /* MacrosView.swift in Sources */ = {isa = PBXBuildFile; fileRef = 8934134429D78D0500D9457B /* MacrosView.swift */; };
		8934134729D78D1000D9457B /* ExerciseView.swift in Sources */ = {isa = PBXBuildFile; fileRef = 8934134629D78D1000D9457B /* ExerciseView.swift */; };
		8934134929D78D1D00D9457B /* ProgressView.swift in Sources */ = {isa = PBXBuildFile; fileRef = 8934134829D78D1D00D9457B /* ProgressView.swift */; };
		8934134B29D78D6300D9457B /* AddView.swift in Sources */ = {isa = PBXBuildFile; fileRef = 8934134A29D78D6300D9457B /* AddView.swift */; };
		8934135129D78DCC00D9457B /* AddButton.swift in Sources */ = {isa = PBXBuildFile; fileRef = 8934135029D78DCC00D9457B /* AddButton.swift */; };
		8934135329D78EC300D9457B /* SplashscreenView.swift in Sources */ = {isa = PBXBuildFile; fileRef = 8934135229D78EC300D9457B /* SplashscreenView.swift */; };
		8934135529D78F4200D9457B /* CustomTabView.swift in Sources */ = {isa = PBXBuildFile; fileRef = 8934135429D78F4200D9457B /* CustomTabView.swift */; };
		8934135C29D7909900D9457B /* StepsView.swift in Sources */ = {isa = PBXBuildFile; fileRef = 8934135B29D7909900D9457B /* StepsView.swift */; };
		8946B2C929E0B96D00AEFD7B /* Settings.swift in Sources */ = {isa = PBXBuildFile; fileRef = 8946B2C829E0B96D00AEFD7B /* Settings.swift */; };
		8946B2CB29E0BB6500AEFD7B /* AccountView.swift in Sources */ = {isa = PBXBuildFile; fileRef = 8946B2CA29E0BB6500AEFD7B /* AccountView.swift */; };
		8946B2CD29E0BDBA00AEFD7B /* WaterIntakeView.swift in Sources */ = {isa = PBXBuildFile; fileRef = 8946B2CC29E0BDBA00AEFD7B /* WaterIntakeView.swift */; };
		8946B2CF29E0BDCF00AEFD7B /* WeightTrackingView.swift in Sources */ = {isa = PBXBuildFile; fileRef = 8946B2CE29E0BDCF00AEFD7B /* WeightTrackingView.swift */; };
		8946B2D129E0C08A00AEFD7B /* CustomDatePicker.swift in Sources */ = {isa = PBXBuildFile; fileRef = 8946B2D029E0C08A00AEFD7B /* CustomDatePicker.swift */; };
		8946B2D529E0CA4E00AEFD7B /* GoalsView.swift in Sources */ = {isa = PBXBuildFile; fileRef = 8946B2D429E0CA4E00AEFD7B /* GoalsView.swift */; };
		8946B2D729E0D2F700AEFD7B /* AS_Feature.swift in Sources */ = {isa = PBXBuildFile; fileRef = 8946B2D629E0D2F700AEFD7B /* AS_Feature.swift */; };
		8946B2D929E0D33400AEFD7B /* HapticFeedbacks.swift in Sources */ = {isa = PBXBuildFile; fileRef = 8946B2D829E0D33400AEFD7B /* HapticFeedbacks.swift */; };
		8946B2DB29E0D3FD00AEFD7B /* TitleTextView.swift in Sources */ = {isa = PBXBuildFile; fileRef = 8946B2DA29E0D3FD00AEFD7B /* TitleTextView.swift */; };
		8946B2DD29E0D42600AEFD7B /* BottomToolbarView.swift in Sources */ = {isa = PBXBuildFile; fileRef = 8946B2DC29E0D42600AEFD7B /* BottomToolbarView.swift */; };
		8946B2DF29E0D44F00AEFD7B /* AS_Alignment.swift in Sources */ = {isa = PBXBuildFile; fileRef = 8946B2DE29E0D44F00AEFD7B /* AS_Alignment.swift */; };
		8946B2E129E0D49C00AEFD7B /* PaginationView.swift in Sources */ = {isa = PBXBuildFile; fileRef = 8946B2E029E0D49C00AEFD7B /* PaginationView.swift */; };
		8946B2E329E0D4C500AEFD7B /* ButtonView.swift in Sources */ = {isa = PBXBuildFile; fileRef = 8946B2E229E0D4C500AEFD7B /* ButtonView.swift */; };
		8946B2E529E0D4F100AEFD7B /* AS_ButtonStyle.swift in Sources */ = {isa = PBXBuildFile; fileRef = 8946B2E429E0D4F100AEFD7B /* AS_ButtonStyle.swift */; };
		8946B2E729E0D51800AEFD7B /* LoadingView.swift in Sources */ = {isa = PBXBuildFile; fileRef = 8946B2E629E0D51800AEFD7B /* LoadingView.swift */; };
		8946B2E929E5C14100AEFD7B /* CustomWeightPickerV1.swift in Sources */ = {isa = PBXBuildFile; fileRef = 8946B2E829E5C14100AEFD7B /* CustomWeightPickerV1.swift */; };
		8946B2EC29E5FEC200AEFD7B /* HealthStore.swift in Sources */ = {isa = PBXBuildFile; fileRef = 8946B2EB29E5FEC200AEFD7B /* HealthStore.swift */; };
		8946B2EF29E6043E00AEFD7B /* Activity.swift in Sources */ = {isa = PBXBuildFile; fileRef = 8946B2EE29E6043E00AEFD7B /* Activity.swift */; };
		8946B2F129E6050400AEFD7B /* HealthStat.swift in Sources */ = {isa = PBXBuildFile; fileRef = 8946B2F029E6050400AEFD7B /* HealthStat.swift */; };
		8946B2F329E616EB00AEFD7B /* ChartView.swift in Sources */ = {isa = PBXBuildFile; fileRef = 8946B2F229E616EB00AEFD7B /* ChartView.swift */; };
		8946B2F529E617D800AEFD7B /* DashboardViewModel.swift in Sources */ = {isa = PBXBuildFile; fileRef = 8946B2F429E617D800AEFD7B /* DashboardViewModel.swift */; };
		8946B2F729E6D69400AEFD7B /* ConnectView.swift in Sources */ = {isa = PBXBuildFile; fileRef = 8946B2F629E6D69400AEFD7B /* ConnectView.swift */; };
		8946B2FD29E9BDD400AEFD7B /* moodtestscale.gif in Resources */ = {isa = PBXBuildFile; fileRef = 8946B2FC29E9BDD400AEFD7B /* moodtestscale.gif */; };
		8946B30129E9BE2E00AEFD7B /* GifImage.swift in Sources */ = {isa = PBXBuildFile; fileRef = 8946B30029E9BE2E00AEFD7B /* GifImage.swift */; };
		8963AAD52A215DE500AFE76D /* Login.swift in Sources */ = {isa = PBXBuildFile; fileRef = 8963AAD42A215DE500AFE76D /* Login.swift */; };
		8963AAD72A215EA500AFE76D /* TextFieldBackgroundView.swift in Sources */ = {isa = PBXBuildFile; fileRef = 8963AAD62A215EA500AFE76D /* TextFieldBackgroundView.swift */; };
		89B7BBA42A5F4D5000789E46 /* JWTDecode in Frameworks */ = {isa = PBXBuildFile; productRef = 89B7BBA32A5F4D5000789E46 /* JWTDecode */; };
		89BAF0002A33C7030013F97E /* GoogleService-Info.plist in Resources */ = {isa = PBXBuildFile; fileRef = 89BAEFFF2A33C7030013F97E /* GoogleService-Info.plist */; };
		89BAF0032A33C8100013F97E /* FirebaseAuth in Frameworks */ = {isa = PBXBuildFile; productRef = 89BAF0022A33C8100013F97E /* FirebaseAuth */; };
		89BAF0052A33C8100013F97E /* FirebaseFirestore in Frameworks */ = {isa = PBXBuildFile; productRef = 89BAF0042A33C8100013F97E /* FirebaseFirestore */; };
		89BAF0072A33C8100013F97E /* FirebaseFirestoreSwift in Frameworks */ = {isa = PBXBuildFile; productRef = 89BAF0062A33C8100013F97E /* FirebaseFirestoreSwift */; };
		89BAF0092A33C8100013F97E /* FirebaseStorage in Frameworks */ = {isa = PBXBuildFile; productRef = 89BAF0082A33C8100013F97E /* FirebaseStorage */; };
		89BAF00E2A33CD3D0013F97E /* ContentViewModel.swift in Sources */ = {isa = PBXBuildFile; fileRef = 89BAF00D2A33CD3D0013F97E /* ContentViewModel.swift */; };
		89BAF0102A33D2A60013F97E /* Signup.swift in Sources */ = {isa = PBXBuildFile; fileRef = 89BAF00F2A33D2A60013F97E /* Signup.swift */; };
		89BAF0122A33D3FE0013F97E /* RegistrationViewModel.swift in Sources */ = {isa = PBXBuildFile; fileRef = 89BAF0112A33D3FE0013F97E /* RegistrationViewModel.swift */; };
		89BAF0152A392AD50013F97E /* Supabase in Frameworks */ = {isa = PBXBuildFile; productRef = 89BAF0142A392AD50013F97E /* Supabase */; };
/* End PBXBuildFile section */

/* Begin PBXFileReference section */
		8923ECCA2A295691003AF347 /* AuthViewModel.swift */ = {isa = PBXFileReference; lastKnownFileType = sourcecode.swift; path = AuthViewModel.swift; sourceTree = "<group>"; };
		8923ECCC2A2F867E003AF347 /* AuthenticationService.swift */ = {isa = PBXFileReference; lastKnownFileType = sourcecode.swift; path = AuthenticationService.swift; sourceTree = "<group>"; };
		8923ECCE2A2F86D2003AF347 /* UserData.swift */ = {isa = PBXFileReference; lastKnownFileType = sourcecode.swift; path = UserData.swift; sourceTree = "<group>"; };
		893138E329DB8E1A00FDF70B /* WelcomeView.swift */ = {isa = PBXFileReference; lastKnownFileType = sourcecode.swift; path = WelcomeView.swift; sourceTree = "<group>"; };
		893138E729DB8EBB00FDF70B /* Colors.swift */ = {isa = PBXFileReference; lastKnownFileType = sourcecode.swift; path = Colors.swift; sourceTree = "<group>"; };
		893138E929DB8EC300FDF70B /* Images.swift */ = {isa = PBXFileReference; lastKnownFileType = sourcecode.swift; path = Images.swift; sourceTree = "<group>"; };
		893138EB29DB8ED100FDF70B /* Icons.swift */ = {isa = PBXFileReference; lastKnownFileType = sourcecode.swift; path = Icons.swift; sourceTree = "<group>"; };
		893138ED29DB90E700FDF70B /* BodyStatsView.swift */ = {isa = PBXFileReference; lastKnownFileType = sourcecode.swift; path = BodyStatsView.swift; sourceTree = "<group>"; };
		893138EF29DB967100FDF70B /* MacroCalculationView.swift */ = {isa = PBXFileReference; lastKnownFileType = sourcecode.swift; path = MacroCalculationView.swift; sourceTree = "<group>"; };
		893138F129DCD6B000FDF70B /* BioView.swift */ = {isa = PBXFileReference; lastKnownFileType = sourcecode.swift; path = BioView.swift; sourceTree = "<group>"; };
		893138F329DCD95B00FDF70B /* CustomTextField.swift */ = {isa = PBXFileReference; lastKnownFileType = sourcecode.swift; path = CustomTextField.swift; sourceTree = "<group>"; };
		893138F529DCDD5F00FDF70B /* CustomSegmentedPicker.swift */ = {isa = PBXFileReference; lastKnownFileType = sourcecode.swift; path = CustomSegmentedPicker.swift; sourceTree = "<group>"; };
		893138F729DCE20900FDF70B /* CustomScrollPicker.swift */ = {isa = PBXFileReference; lastKnownFileType = sourcecode.swift; path = CustomScrollPicker.swift; sourceTree = "<group>"; };
		893138F929DE2C5900FDF70B /* CustomWeightPicker.swift */ = {isa = PBXFileReference; lastKnownFileType = sourcecode.swift; path = CustomWeightPicker.swift; sourceTree = "<group>"; };
		893138FB29DE31F800FDF70B /* TrainingExperienceView.swift */ = {isa = PBXFileReference; lastKnownFileType = sourcecode.swift; path = TrainingExperienceView.swift; sourceTree = "<group>"; };
		8934132929D7897000D9457B /* MacroFlexV1.app */ = {isa = PBXFileReference; explicitFileType = wrapper.application; includeInIndex = 0; path = MacroFlexV1.app; sourceTree = BUILT_PRODUCTS_DIR; };
		8934132C29D7897000D9457B /* MacroFlexV1App.swift */ = {isa = PBXFileReference; lastKnownFileType = sourcecode.swift; path = MacroFlexV1App.swift; sourceTree = "<group>"; };
		8934132E29D7897000D9457B /* ContentView.swift */ = {isa = PBXFileReference; lastKnownFileType = sourcecode.swift; path = ContentView.swift; sourceTree = "<group>"; };
		8934133029D7897100D9457B /* Assets.xcassets */ = {isa = PBXFileReference; lastKnownFileType = folder.assetcatalog; path = Assets.xcassets; sourceTree = "<group>"; };
		8934133329D7897100D9457B /* Preview Assets.xcassets */ = {isa = PBXFileReference; lastKnownFileType = folder.assetcatalog; path = "Preview Assets.xcassets"; sourceTree = "<group>"; };
		8934133D29D78B2400D9457B /* DashboardView.swift */ = {isa = PBXFileReference; lastKnownFileType = sourcecode.swift; path = DashboardView.swift; sourceTree = "<group>"; };
		8934134429D78D0500D9457B /* MacrosView.swift */ = {isa = PBXFileReference; lastKnownFileType = sourcecode.swift; path = MacrosView.swift; sourceTree = "<group>"; };
		8934134629D78D1000D9457B /* ExerciseView.swift */ = {isa = PBXFileReference; lastKnownFileType = sourcecode.swift; path = ExerciseView.swift; sourceTree = "<group>"; };
		8934134829D78D1D00D9457B /* ProgressView.swift */ = {isa = PBXFileReference; lastKnownFileType = sourcecode.swift; path = ProgressView.swift; sourceTree = "<group>"; };
		8934134A29D78D6300D9457B /* AddView.swift */ = {isa = PBXFileReference; lastKnownFileType = sourcecode.swift; path = AddView.swift; sourceTree = "<group>"; };
		8934135029D78DCC00D9457B /* AddButton.swift */ = {isa = PBXFileReference; lastKnownFileType = sourcecode.swift; path = AddButton.swift; sourceTree = "<group>"; };
		8934135229D78EC300D9457B /* SplashscreenView.swift */ = {isa = PBXFileReference; lastKnownFileType = sourcecode.swift; path = SplashscreenView.swift; sourceTree = "<group>"; };
		8934135429D78F4200D9457B /* CustomTabView.swift */ = {isa = PBXFileReference; lastKnownFileType = sourcecode.swift; path = CustomTabView.swift; sourceTree = "<group>"; };
		8934135B29D7909900D9457B /* StepsView.swift */ = {isa = PBXFileReference; lastKnownFileType = sourcecode.swift; path = StepsView.swift; sourceTree = "<group>"; };
		8946B2C829E0B96D00AEFD7B /* Settings.swift */ = {isa = PBXFileReference; lastKnownFileType = sourcecode.swift; path = Settings.swift; sourceTree = "<group>"; };
		8946B2CA29E0BB6500AEFD7B /* AccountView.swift */ = {isa = PBXFileReference; lastKnownFileType = sourcecode.swift; path = AccountView.swift; sourceTree = "<group>"; };
		8946B2CC29E0BDBA00AEFD7B /* WaterIntakeView.swift */ = {isa = PBXFileReference; lastKnownFileType = sourcecode.swift; path = WaterIntakeView.swift; sourceTree = "<group>"; };
		8946B2CE29E0BDCF00AEFD7B /* WeightTrackingView.swift */ = {isa = PBXFileReference; lastKnownFileType = sourcecode.swift; path = WeightTrackingView.swift; sourceTree = "<group>"; };
		8946B2D029E0C08A00AEFD7B /* CustomDatePicker.swift */ = {isa = PBXFileReference; lastKnownFileType = sourcecode.swift; path = CustomDatePicker.swift; sourceTree = "<group>"; };
		8946B2D429E0CA4E00AEFD7B /* GoalsView.swift */ = {isa = PBXFileReference; lastKnownFileType = sourcecode.swift; path = GoalsView.swift; sourceTree = "<group>"; };
		8946B2D629E0D2F700AEFD7B /* AS_Feature.swift */ = {isa = PBXFileReference; lastKnownFileType = sourcecode.swift; path = AS_Feature.swift; sourceTree = "<group>"; };
		8946B2D829E0D33400AEFD7B /* HapticFeedbacks.swift */ = {isa = PBXFileReference; lastKnownFileType = sourcecode.swift; path = HapticFeedbacks.swift; sourceTree = "<group>"; };
		8946B2DA29E0D3FD00AEFD7B /* TitleTextView.swift */ = {isa = PBXFileReference; lastKnownFileType = sourcecode.swift; path = TitleTextView.swift; sourceTree = "<group>"; };
		8946B2DC29E0D42600AEFD7B /* BottomToolbarView.swift */ = {isa = PBXFileReference; lastKnownFileType = sourcecode.swift; path = BottomToolbarView.swift; sourceTree = "<group>"; };
		8946B2DE29E0D44F00AEFD7B /* AS_Alignment.swift */ = {isa = PBXFileReference; lastKnownFileType = sourcecode.swift; path = AS_Alignment.swift; sourceTree = "<group>"; };
		8946B2E029E0D49C00AEFD7B /* PaginationView.swift */ = {isa = PBXFileReference; lastKnownFileType = sourcecode.swift; path = PaginationView.swift; sourceTree = "<group>"; };
		8946B2E229E0D4C500AEFD7B /* ButtonView.swift */ = {isa = PBXFileReference; lastKnownFileType = sourcecode.swift; path = ButtonView.swift; sourceTree = "<group>"; };
		8946B2E429E0D4F100AEFD7B /* AS_ButtonStyle.swift */ = {isa = PBXFileReference; lastKnownFileType = sourcecode.swift; path = AS_ButtonStyle.swift; sourceTree = "<group>"; };
		8946B2E629E0D51800AEFD7B /* LoadingView.swift */ = {isa = PBXFileReference; lastKnownFileType = sourcecode.swift; path = LoadingView.swift; sourceTree = "<group>"; };
		8946B2E829E5C14100AEFD7B /* CustomWeightPickerV1.swift */ = {isa = PBXFileReference; lastKnownFileType = sourcecode.swift; path = CustomWeightPickerV1.swift; sourceTree = "<group>"; };
		8946B2EB29E5FEC200AEFD7B /* HealthStore.swift */ = {isa = PBXFileReference; lastKnownFileType = sourcecode.swift; path = HealthStore.swift; sourceTree = "<group>"; };
		8946B2ED29E603DA00AEFD7B /* MacroFlexV1.entitlements */ = {isa = PBXFileReference; lastKnownFileType = text.plist.entitlements; path = MacroFlexV1.entitlements; sourceTree = "<group>"; };
		8946B2EE29E6043E00AEFD7B /* Activity.swift */ = {isa = PBXFileReference; lastKnownFileType = sourcecode.swift; path = Activity.swift; sourceTree = "<group>"; };
		8946B2F029E6050400AEFD7B /* HealthStat.swift */ = {isa = PBXFileReference; lastKnownFileType = sourcecode.swift; path = HealthStat.swift; sourceTree = "<group>"; };
		8946B2F229E616EB00AEFD7B /* ChartView.swift */ = {isa = PBXFileReference; lastKnownFileType = sourcecode.swift; path = ChartView.swift; sourceTree = "<group>"; };
		8946B2F429E617D800AEFD7B /* DashboardViewModel.swift */ = {isa = PBXFileReference; lastKnownFileType = sourcecode.swift; path = DashboardViewModel.swift; sourceTree = "<group>"; };
		8946B2F629E6D69400AEFD7B /* ConnectView.swift */ = {isa = PBXFileReference; lastKnownFileType = sourcecode.swift; path = ConnectView.swift; sourceTree = "<group>"; };
		8946B2FC29E9BDD400AEFD7B /* moodtestscale.gif */ = {isa = PBXFileReference; lastKnownFileType = image.gif; path = moodtestscale.gif; sourceTree = "<group>"; };
		8946B30029E9BE2E00AEFD7B /* GifImage.swift */ = {isa = PBXFileReference; lastKnownFileType = sourcecode.swift; path = GifImage.swift; sourceTree = "<group>"; };
		8963AAD42A215DE500AFE76D /* Login.swift */ = {isa = PBXFileReference; lastKnownFileType = sourcecode.swift; path = Login.swift; sourceTree = "<group>"; };
		8963AAD62A215EA500AFE76D /* TextFieldBackgroundView.swift */ = {isa = PBXFileReference; lastKnownFileType = sourcecode.swift; path = TextFieldBackgroundView.swift; sourceTree = "<group>"; };
		89BAEFFF2A33C7030013F97E /* GoogleService-Info.plist */ = {isa = PBXFileReference; fileEncoding = 4; lastKnownFileType = text.plist.xml; path = "GoogleService-Info.plist"; sourceTree = "<group>"; };
		89BAF00D2A33CD3D0013F97E /* ContentViewModel.swift */ = {isa = PBXFileReference; lastKnownFileType = sourcecode.swift; path = ContentViewModel.swift; sourceTree = "<group>"; };
		89BAF00F2A33D2A60013F97E /* Signup.swift */ = {isa = PBXFileReference; fileEncoding = 4; lastKnownFileType = sourcecode.swift; path = Signup.swift; sourceTree = "<group>"; };
		89BAF0112A33D3FE0013F97E /* RegistrationViewModel.swift */ = {isa = PBXFileReference; lastKnownFileType = sourcecode.swift; path = RegistrationViewModel.swift; sourceTree = "<group>"; };
/* End PBXFileReference section */

/* Begin PBXFrameworksBuildPhase section */
		8934132629D7897000D9457B /* Frameworks */ = {
			isa = PBXFrameworksBuildPhase;
			buildActionMask = 2147483647;
			files = (
				8934133C29D78A4F00D9457B /* SwiftfulRouting in Frameworks */,
				89BAF0032A33C8100013F97E /* FirebaseAuth in Frameworks */,
				89BAF0152A392AD50013F97E /* Supabase in Frameworks */,
				89BAF0052A33C8100013F97E /* FirebaseFirestore in Frameworks */,
				89BAF0092A33C8100013F97E /* FirebaseStorage in Frameworks */,
				89BAF0072A33C8100013F97E /* FirebaseFirestoreSwift in Frameworks */,
				89B7BBA42A5F4D5000789E46 /* JWTDecode in Frameworks */,
			);
			runOnlyForDeploymentPostprocessing = 0;
		};
/* End PBXFrameworksBuildPhase section */

/* Begin PBXGroup section */
		893138E529DB8EA600FDF70B /* Helpers */ = {
			isa = PBXGroup;
			children = (
				893138E629DB8EAD00FDF70B /* Constants */,
			);
			path = Helpers;
			sourceTree = "<group>";
		};
		893138E629DB8EAD00FDF70B /* Constants */ = {
			isa = PBXGroup;
			children = (
				893138E729DB8EBB00FDF70B /* Colors.swift */,
				893138E929DB8EC300FDF70B /* Images.swift */,
				893138EB29DB8ED100FDF70B /* Icons.swift */,
			);
			path = Constants;
			sourceTree = "<group>";
		};
		8934132029D7897000D9457B = {
			isa = PBXGroup;
			children = (
				8934133029D7897100D9457B /* Assets.xcassets */,
				89BAEFFF2A33C7030013F97E /* GoogleService-Info.plist */,
				8946B2FC29E9BDD400AEFD7B /* moodtestscale.gif */,
				8946B2D829E0D33400AEFD7B /* HapticFeedbacks.swift */,
				8934132B29D7897000D9457B /* MacroFlexV1 */,
				8934132A29D7897000D9457B /* Products */,
			);
			sourceTree = "<group>";
		};
		8934132A29D7897000D9457B /* Products */ = {
			isa = PBXGroup;
			children = (
				8934132929D7897000D9457B /* MacroFlexV1.app */,
			);
			name = Products;
			sourceTree = "<group>";
		};
		8934132B29D7897000D9457B /* MacroFlexV1 */ = {
			isa = PBXGroup;
			children = (
				89BAF00A2A33CCFD0013F97E /* Root */,
				8946B2ED29E603DA00AEFD7B /* MacroFlexV1.entitlements */,
				8946B2EA29E5FEB700AEFD7B /* Services */,
				8946B2C729E0B95C00AEFD7B /* Models */,
				893138E529DB8EA600FDF70B /* Helpers */,
				8934134C29D78D8C00D9457B /* Components */,
				8934133F29D78C6600D9457B /* Views */,
				8934132C29D7897000D9457B /* MacroFlexV1App.swift */,
				8934133229D7897100D9457B /* Preview Content */,
				8946B30029E9BE2E00AEFD7B /* GifImage.swift */,
			);
			path = MacroFlexV1;
			sourceTree = "<group>";
		};
		8934133229D7897100D9457B /* Preview Content */ = {
			isa = PBXGroup;
			children = (
				8934133329D7897100D9457B /* Preview Assets.xcassets */,
			);
			path = "Preview Content";
			sourceTree = "<group>";
		};
		8934133F29D78C6600D9457B /* Views */ = {
			isa = PBXGroup;
			children = (
				8963AAD32A215DCF00AFE76D /* Login */,
				8934135429D78F4200D9457B /* CustomTabView.swift */,
				8934135229D78EC300D9457B /* SplashscreenView.swift */,
				8934135629D78FCC00D9457B /* Onboarding */,
				8934135729D78FD700D9457B /* Dashboard */,
				8934135A29D7908A00D9457B /* Metrics */,
				8934135829D78FDF00D9457B /* Macros */,
				8934135929D78FE600D9457B /* Exercise */,
				8934134829D78D1D00D9457B /* ProgressView.swift */,
				8934134A29D78D6300D9457B /* AddView.swift */,
				8946B2CA29E0BB6500AEFD7B /* AccountView.swift */,
				8946B2F229E616EB00AEFD7B /* ChartView.swift */,
			);
			path = Views;
			sourceTree = "<group>";
		};
		8934134C29D78D8C00D9457B /* Components */ = {
			isa = PBXGroup;
			children = (
				8934134F29D78DBF00D9457B /* Form Inputs */,
				8934135029D78DCC00D9457B /* AddButton.swift */,
				8946B2DA29E0D3FD00AEFD7B /* TitleTextView.swift */,
				8946B2DC29E0D42600AEFD7B /* BottomToolbarView.swift */,
				8946B2E029E0D49C00AEFD7B /* PaginationView.swift */,
				8946B2E229E0D4C500AEFD7B /* ButtonView.swift */,
				8946B2E629E0D51800AEFD7B /* LoadingView.swift */,
			);
			path = Components;
			sourceTree = "<group>";
		};
		8934134F29D78DBF00D9457B /* Form Inputs */ = {
			isa = PBXGroup;
			children = (
				893138F329DCD95B00FDF70B /* CustomTextField.swift */,
				893138F529DCDD5F00FDF70B /* CustomSegmentedPicker.swift */,
				893138F729DCE20900FDF70B /* CustomScrollPicker.swift */,
				893138F929DE2C5900FDF70B /* CustomWeightPicker.swift */,
				8946B2D029E0C08A00AEFD7B /* CustomDatePicker.swift */,
				8946B2E829E5C14100AEFD7B /* CustomWeightPickerV1.swift */,
				8963AAD62A215EA500AFE76D /* TextFieldBackgroundView.swift */,
			);
			path = "Form Inputs";
			sourceTree = "<group>";
		};
		8934135629D78FCC00D9457B /* Onboarding */ = {
			isa = PBXGroup;
			children = (
				893138E329DB8E1A00FDF70B /* WelcomeView.swift */,
				8946B2F629E6D69400AEFD7B /* ConnectView.swift */,
				893138F129DCD6B000FDF70B /* BioView.swift */,
				8946B2D429E0CA4E00AEFD7B /* GoalsView.swift */,
				893138ED29DB90E700FDF70B /* BodyStatsView.swift */,
				893138EF29DB967100FDF70B /* MacroCalculationView.swift */,
				893138FB29DE31F800FDF70B /* TrainingExperienceView.swift */,
			);
			path = Onboarding;
			sourceTree = "<group>";
		};
		8934135729D78FD700D9457B /* Dashboard */ = {
			isa = PBXGroup;
			children = (
				8934133D29D78B2400D9457B /* DashboardView.swift */,
				8946B2F429E617D800AEFD7B /* DashboardViewModel.swift */,
			);
			path = Dashboard;
			sourceTree = "<group>";
		};
		8934135829D78FDF00D9457B /* Macros */ = {
			isa = PBXGroup;
			children = (
				8934134429D78D0500D9457B /* MacrosView.swift */,
			);
			path = Macros;
			sourceTree = "<group>";
		};
		8934135929D78FE600D9457B /* Exercise */ = {
			isa = PBXGroup;
			children = (
				8934134629D78D1000D9457B /* ExerciseView.swift */,
			);
			path = Exercise;
			sourceTree = "<group>";
		};
		8934135A29D7908A00D9457B /* Metrics */ = {
			isa = PBXGroup;
			children = (
				8934135B29D7909900D9457B /* StepsView.swift */,
				8946B2CC29E0BDBA00AEFD7B /* WaterIntakeView.swift */,
				8946B2CE29E0BDCF00AEFD7B /* WeightTrackingView.swift */,
			);
			path = Metrics;
			sourceTree = "<group>";
		};
		8946B2C729E0B95C00AEFD7B /* Models */ = {
			isa = PBXGroup;
			children = (
				8946B2C829E0B96D00AEFD7B /* Settings.swift */,
				8946B2D629E0D2F700AEFD7B /* AS_Feature.swift */,
				8946B2DE29E0D44F00AEFD7B /* AS_Alignment.swift */,
				8946B2E429E0D4F100AEFD7B /* AS_ButtonStyle.swift */,
				8946B2EE29E6043E00AEFD7B /* Activity.swift */,
				8946B2F029E6050400AEFD7B /* HealthStat.swift */,
				8923ECCE2A2F86D2003AF347 /* UserData.swift */,
			);
			path = Models;
			sourceTree = "<group>";
		};
		8946B2EA29E5FEB700AEFD7B /* Services */ = {
			isa = PBXGroup;
			children = (
				8946B2EB29E5FEC200AEFD7B /* HealthStore.swift */,
				8923ECCC2A2F867E003AF347 /* AuthenticationService.swift */,
			);
			path = Services;
			sourceTree = "<group>";
		};
		8963AAD32A215DCF00AFE76D /* Login */ = {
			isa = PBXGroup;
			children = (
				8963AAD42A215DE500AFE76D /* Login.swift */,
				8923ECCA2A295691003AF347 /* AuthViewModel.swift */,
				89BAF00F2A33D2A60013F97E /* Signup.swift */,
				89BAF0112A33D3FE0013F97E /* RegistrationViewModel.swift */,
			);
			path = Login;
			sourceTree = "<group>";
		};
		89BAF00A2A33CCFD0013F97E /* Root */ = {
			isa = PBXGroup;
			children = (
				89BAF00C2A33CD0E0013F97E /* ViewModel */,
				89BAF00B2A33CD070013F97E /* View */,
			);
			path = Root;
			sourceTree = "<group>";
		};
		89BAF00B2A33CD070013F97E /* View */ = {
			isa = PBXGroup;
			children = (
				8934132E29D7897000D9457B /* ContentView.swift */,
			);
			path = View;
			sourceTree = "<group>";
		};
		89BAF00C2A33CD0E0013F97E /* ViewModel */ = {
			isa = PBXGroup;
			children = (
				89BAF00D2A33CD3D0013F97E /* ContentViewModel.swift */,
			);
			path = ViewModel;
			sourceTree = "<group>";
		};
/* End PBXGroup section */

/* Begin PBXNativeTarget section */
		8934132829D7897000D9457B /* MacroFlexV1 */ = {
			isa = PBXNativeTarget;
			buildConfigurationList = 8934133729D7897100D9457B /* Build configuration list for PBXNativeTarget "MacroFlexV1" */;
			buildPhases = (
				8934132529D7897000D9457B /* Sources */,
				8934132629D7897000D9457B /* Frameworks */,
				8934132729D7897000D9457B /* Resources */,
			);
			buildRules = (
			);
			dependencies = (
			);
			name = MacroFlexV1;
			packageProductDependencies = (
				8934133B29D78A4F00D9457B /* SwiftfulRouting */,
				89BAF0022A33C8100013F97E /* FirebaseAuth */,
				89BAF0042A33C8100013F97E /* FirebaseFirestore */,
				89BAF0062A33C8100013F97E /* FirebaseFirestoreSwift */,
				89BAF0082A33C8100013F97E /* FirebaseStorage */,
				89BAF0142A392AD50013F97E /* Supabase */,
				89B7BBA32A5F4D5000789E46 /* JWTDecode */,
			);
			productName = MacroFlexV1;
			productReference = 8934132929D7897000D9457B /* MacroFlexV1.app */;
			productType = "com.apple.product-type.application";
		};
/* End PBXNativeTarget section */

/* Begin PBXProject section */
		8934132129D7897000D9457B /* Project object */ = {
			isa = PBXProject;
			attributes = {
				BuildIndependentTargetsInParallel = 1;
				LastSwiftUpdateCheck = 1420;
				LastUpgradeCheck = 1420;
				TargetAttributes = {
					8934132829D7897000D9457B = {
						CreatedOnToolsVersion = 14.2;
					};
				};
			};
			buildConfigurationList = 8934132429D7897000D9457B /* Build configuration list for PBXProject "MacroFlexV1" */;
			compatibilityVersion = "Xcode 14.0";
			developmentRegion = en;
			hasScannedForEncodings = 0;
			knownRegions = (
				en,
				Base,
			);
			mainGroup = 8934132029D7897000D9457B;
			packageReferences = (
				8934133A29D78A4F00D9457B /* XCRemoteSwiftPackageReference "SwiftfulRouting" */,
				89BAF0012A33C8100013F97E /* XCRemoteSwiftPackageReference "firebase-ios-sdk" */,
				89BAF0132A392AD50013F97E /* XCRemoteSwiftPackageReference "supabase-swift" */,
				89B7BBA22A5F4D5000789E46 /* XCRemoteSwiftPackageReference "JWTDecode" */,
			);
			productRefGroup = 8934132A29D7897000D9457B /* Products */;
			projectDirPath = "";
			projectRoot = "";
			targets = (
				8934132829D7897000D9457B /* MacroFlexV1 */,
			);
		};
/* End PBXProject section */

/* Begin PBXResourcesBuildPhase section */
		8934132729D7897000D9457B /* Resources */ = {
			isa = PBXResourcesBuildPhase;
			buildActionMask = 2147483647;
			files = (
				8946B2FD29E9BDD400AEFD7B /* moodtestscale.gif in Resources */,
				89BAF0002A33C7030013F97E /* GoogleService-Info.plist in Resources */,
				8934133429D7897100D9457B /* Preview Assets.xcassets in Resources */,
				8934133129D7897100D9457B /* Assets.xcassets in Resources */,
			);
			runOnlyForDeploymentPostprocessing = 0;
		};
/* End PBXResourcesBuildPhase section */

/* Begin PBXSourcesBuildPhase section */
		8934132529D7897000D9457B /* Sources */ = {
			isa = PBXSourcesBuildPhase;
			buildActionMask = 2147483647;
			files = (
				89BAF0102A33D2A60013F97E /* Signup.swift in Sources */,
				893138FA29DE2C5900FDF70B /* CustomWeightPicker.swift in Sources */,
				8934134729D78D1000D9457B /* ExerciseView.swift in Sources */,
				8946B2D729E0D2F700AEFD7B /* AS_Feature.swift in Sources */,
				8946B2F729E6D69400AEFD7B /* ConnectView.swift in Sources */,
				8946B30129E9BE2E00AEFD7B /* GifImage.swift in Sources */,
				8946B2E129E0D49C00AEFD7B /* PaginationView.swift in Sources */,
				8946B2D929E0D33400AEFD7B /* HapticFeedbacks.swift in Sources */,
				8934132F29D7897000D9457B /* ContentView.swift in Sources */,
				8934135129D78DCC00D9457B /* AddButton.swift in Sources */,
				893138E429DB8E1A00FDF70B /* WelcomeView.swift in Sources */,
				8946B2CF29E0BDCF00AEFD7B /* WeightTrackingView.swift in Sources */,
				8934133E29D78B2400D9457B /* DashboardView.swift in Sources */,
				8963AAD72A215EA500AFE76D /* TextFieldBackgroundView.swift in Sources */,
				8946B2DD29E0D42600AEFD7B /* BottomToolbarView.swift in Sources */,
				893138F829DCE20900FDF70B /* CustomScrollPicker.swift in Sources */,
				8946B2E529E0D4F100AEFD7B /* AS_ButtonStyle.swift in Sources */,
				893138FC29DE31F800FDF70B /* TrainingExperienceView.swift in Sources */,
				8934135329D78EC300D9457B /* SplashscreenView.swift in Sources */,
				8946B2F529E617D800AEFD7B /* DashboardViewModel.swift in Sources */,
				893138EE29DB90E700FDF70B /* BodyStatsView.swift in Sources */,
				8934134B29D78D6300D9457B /* AddView.swift in Sources */,
				8946B2E729E0D51800AEFD7B /* LoadingView.swift in Sources */,
				8946B2D129E0C08A00AEFD7B /* CustomDatePicker.swift in Sources */,
				893138EA29DB8EC300FDF70B /* Images.swift in Sources */,
				8923ECCB2A295691003AF347 /* AuthViewModel.swift in Sources */,
				8946B2DB29E0D3FD00AEFD7B /* TitleTextView.swift in Sources */,
				893138F429DCD95B00FDF70B /* CustomTextField.swift in Sources */,
				8946B2E929E5C14100AEFD7B /* CustomWeightPickerV1.swift in Sources */,
				8946B2F129E6050400AEFD7B /* HealthStat.swift in Sources */,
				893138F629DCDD5F00FDF70B /* CustomSegmentedPicker.swift in Sources */,
				8923ECCF2A2F86D2003AF347 /* UserData.swift in Sources */,
				893138F229DCD6B000FDF70B /* BioView.swift in Sources */,
				8946B2DF29E0D44F00AEFD7B /* AS_Alignment.swift in Sources */,
				893138EC29DB8ED100FDF70B /* Icons.swift in Sources */,
				8946B2EF29E6043E00AEFD7B /* Activity.swift in Sources */,
				8934134529D78D0500D9457B /* MacrosView.swift in Sources */,
				89BAF0122A33D3FE0013F97E /* RegistrationViewModel.swift in Sources */,
				893138E829DB8EBB00FDF70B /* Colors.swift in Sources */,
				8946B2E329E0D4C500AEFD7B /* ButtonView.swift in Sources */,
				8946B2D529E0CA4E00AEFD7B /* GoalsView.swift in Sources */,
				8946B2EC29E5FEC200AEFD7B /* HealthStore.swift in Sources */,
				89BAF00E2A33CD3D0013F97E /* ContentViewModel.swift in Sources */,
				8946B2CD29E0BDBA00AEFD7B /* WaterIntakeView.swift in Sources */,
				8946B2C929E0B96D00AEFD7B /* Settings.swift in Sources */,
				8946B2CB29E0BB6500AEFD7B /* AccountView.swift in Sources */,
				8934135529D78F4200D9457B /* CustomTabView.swift in Sources */,
				8934135C29D7909900D9457B /* StepsView.swift in Sources */,
				8963AAD52A215DE500AFE76D /* Login.swift in Sources */,
				8946B2F329E616EB00AEFD7B /* ChartView.swift in Sources */,
				893138F029DB967100FDF70B /* MacroCalculationView.swift in Sources */,
				8934134929D78D1D00D9457B /* ProgressView.swift in Sources */,
				8934132D29D7897000D9457B /* MacroFlexV1App.swift in Sources */,
				8923ECCD2A2F867E003AF347 /* AuthenticationService.swift in Sources */,
			);
			runOnlyForDeploymentPostprocessing = 0;
		};
/* End PBXSourcesBuildPhase section */

/* Begin XCBuildConfiguration section */
		8934133529D7897100D9457B /* Debug */ = {
			isa = XCBuildConfiguration;
			buildSettings = {
				ALWAYS_SEARCH_USER_PATHS = NO;
				CLANG_ANALYZER_NONNULL = YES;
				CLANG_ANALYZER_NUMBER_OBJECT_CONVERSION = YES_AGGRESSIVE;
				CLANG_CXX_LANGUAGE_STANDARD = "gnu++20";
				CLANG_ENABLE_MODULES = YES;
				CLANG_ENABLE_OBJC_ARC = YES;
				CLANG_ENABLE_OBJC_WEAK = YES;
				CLANG_WARN_BLOCK_CAPTURE_AUTORELEASING = YES;
				CLANG_WARN_BOOL_CONVERSION = YES;
				CLANG_WARN_COMMA = YES;
				CLANG_WARN_CONSTANT_CONVERSION = YES;
				CLANG_WARN_DEPRECATED_OBJC_IMPLEMENTATIONS = YES;
				CLANG_WARN_DIRECT_OBJC_ISA_USAGE = YES_ERROR;
				CLANG_WARN_DOCUMENTATION_COMMENTS = YES;
				CLANG_WARN_EMPTY_BODY = YES;
				CLANG_WARN_ENUM_CONVERSION = YES;
				CLANG_WARN_INFINITE_RECURSION = YES;
				CLANG_WARN_INT_CONVERSION = YES;
				CLANG_WARN_NON_LITERAL_NULL_CONVERSION = YES;
				CLANG_WARN_OBJC_IMPLICIT_RETAIN_SELF = YES;
				CLANG_WARN_OBJC_LITERAL_CONVERSION = YES;
				CLANG_WARN_OBJC_ROOT_CLASS = YES_ERROR;
				CLANG_WARN_QUOTED_INCLUDE_IN_FRAMEWORK_HEADER = YES;
				CLANG_WARN_RANGE_LOOP_ANALYSIS = YES;
				CLANG_WARN_STRICT_PROTOTYPES = YES;
				CLANG_WARN_SUSPICIOUS_MOVE = YES;
				CLANG_WARN_UNGUARDED_AVAILABILITY = YES_AGGRESSIVE;
				CLANG_WARN_UNREACHABLE_CODE = YES;
				CLANG_WARN__DUPLICATE_METHOD_MATCH = YES;
				COPY_PHASE_STRIP = NO;
				DEBUG_INFORMATION_FORMAT = dwarf;
				ENABLE_STRICT_OBJC_MSGSEND = YES;
				ENABLE_TESTABILITY = YES;
				GCC_C_LANGUAGE_STANDARD = gnu11;
				GCC_DYNAMIC_NO_PIC = NO;
				GCC_NO_COMMON_BLOCKS = YES;
				GCC_OPTIMIZATION_LEVEL = 0;
				GCC_PREPROCESSOR_DEFINITIONS = (
					"DEBUG=1",
					"$(inherited)",
				);
				GCC_WARN_64_TO_32_BIT_CONVERSION = YES;
				GCC_WARN_ABOUT_RETURN_TYPE = YES_ERROR;
				GCC_WARN_UNDECLARED_SELECTOR = YES;
				GCC_WARN_UNINITIALIZED_AUTOS = YES_AGGRESSIVE;
				GCC_WARN_UNUSED_FUNCTION = YES;
				GCC_WARN_UNUSED_VARIABLE = YES;
				IPHONEOS_DEPLOYMENT_TARGET = 16.2;
				MTL_ENABLE_DEBUG_INFO = INCLUDE_SOURCE;
				MTL_FAST_MATH = YES;
				ONLY_ACTIVE_ARCH = YES;
				SDKROOT = iphoneos;
				SWIFT_ACTIVE_COMPILATION_CONDITIONS = DEBUG;
				SWIFT_OPTIMIZATION_LEVEL = "-Onone";
			};
			name = Debug;
		};
		8934133629D7897100D9457B /* Release */ = {
			isa = XCBuildConfiguration;
			buildSettings = {
				ALWAYS_SEARCH_USER_PATHS = NO;
				CLANG_ANALYZER_NONNULL = YES;
				CLANG_ANALYZER_NUMBER_OBJECT_CONVERSION = YES_AGGRESSIVE;
				CLANG_CXX_LANGUAGE_STANDARD = "gnu++20";
				CLANG_ENABLE_MODULES = YES;
				CLANG_ENABLE_OBJC_ARC = YES;
				CLANG_ENABLE_OBJC_WEAK = YES;
				CLANG_WARN_BLOCK_CAPTURE_AUTORELEASING = YES;
				CLANG_WARN_BOOL_CONVERSION = YES;
				CLANG_WARN_COMMA = YES;
				CLANG_WARN_CONSTANT_CONVERSION = YES;
				CLANG_WARN_DEPRECATED_OBJC_IMPLEMENTATIONS = YES;
				CLANG_WARN_DIRECT_OBJC_ISA_USAGE = YES_ERROR;
				CLANG_WARN_DOCUMENTATION_COMMENTS = YES;
				CLANG_WARN_EMPTY_BODY = YES;
				CLANG_WARN_ENUM_CONVERSION = YES;
				CLANG_WARN_INFINITE_RECURSION = YES;
				CLANG_WARN_INT_CONVERSION = YES;
				CLANG_WARN_NON_LITERAL_NULL_CONVERSION = YES;
				CLANG_WARN_OBJC_IMPLICIT_RETAIN_SELF = YES;
				CLANG_WARN_OBJC_LITERAL_CONVERSION = YES;
				CLANG_WARN_OBJC_ROOT_CLASS = YES_ERROR;
				CLANG_WARN_QUOTED_INCLUDE_IN_FRAMEWORK_HEADER = YES;
				CLANG_WARN_RANGE_LOOP_ANALYSIS = YES;
				CLANG_WARN_STRICT_PROTOTYPES = YES;
				CLANG_WARN_SUSPICIOUS_MOVE = YES;
				CLANG_WARN_UNGUARDED_AVAILABILITY = YES_AGGRESSIVE;
				CLANG_WARN_UNREACHABLE_CODE = YES;
				CLANG_WARN__DUPLICATE_METHOD_MATCH = YES;
				COPY_PHASE_STRIP = NO;
				DEBUG_INFORMATION_FORMAT = "dwarf-with-dsym";
				ENABLE_NS_ASSERTIONS = NO;
				ENABLE_STRICT_OBJC_MSGSEND = YES;
				GCC_C_LANGUAGE_STANDARD = gnu11;
				GCC_NO_COMMON_BLOCKS = YES;
				GCC_WARN_64_TO_32_BIT_CONVERSION = YES;
				GCC_WARN_ABOUT_RETURN_TYPE = YES_ERROR;
				GCC_WARN_UNDECLARED_SELECTOR = YES;
				GCC_WARN_UNINITIALIZED_AUTOS = YES_AGGRESSIVE;
				GCC_WARN_UNUSED_FUNCTION = YES;
				GCC_WARN_UNUSED_VARIABLE = YES;
				IPHONEOS_DEPLOYMENT_TARGET = 16.2;
				MTL_ENABLE_DEBUG_INFO = NO;
				MTL_FAST_MATH = YES;
				SDKROOT = iphoneos;
				SWIFT_COMPILATION_MODE = wholemodule;
				SWIFT_OPTIMIZATION_LEVEL = "-O";
				VALIDATE_PRODUCT = YES;
			};
			name = Release;
		};
		8934133829D7897100D9457B /* Debug */ = {
			isa = XCBuildConfiguration;
			buildSettings = {
				ASSETCATALOG_COMPILER_APPICON_NAME = AppIcon;
				ASSETCATALOG_COMPILER_GLOBAL_ACCENT_COLOR_NAME = AccentColor;
				CODE_SIGN_ENTITLEMENTS = MacroFlexV1/MacroFlexV1.entitlements;
				CODE_SIGN_STYLE = Automatic;
				CURRENT_PROJECT_VERSION = 1;
				DEVELOPMENT_ASSET_PATHS = "\"MacroFlexV1/Preview Content\"";
				DEVELOPMENT_TEAM = PTCJNTGP22;
				ENABLE_PREVIEWS = YES;
				GENERATE_INFOPLIST_FILE = YES;
				INFOPLIST_KEY_CFBundleDisplayName = MacroFlex;
				INFOPLIST_KEY_LSApplicationCategoryType = "public.app-category.healthcare-fitness";
				INFOPLIST_KEY_NSHealthClinicalHealthRecordsShareUsageDescription = "This app allows you to keep track of all your health data in one place. We need your permissions to access this data.";
				INFOPLIST_KEY_NSHealthShareUsageDescription = "This app allows you to keep track of all your health data in one place. We need your permissions to access this data.";
				INFOPLIST_KEY_NSHealthUpdateUsageDescription = "This app allows you to keep track of all your health data in one place.";
				INFOPLIST_KEY_UIApplicationSceneManifest_Generation = YES;
				INFOPLIST_KEY_UIApplicationSupportsIndirectInputEvents = YES;
				INFOPLIST_KEY_UILaunchScreen_Generation = YES;
				INFOPLIST_KEY_UISupportedInterfaceOrientations = UIInterfaceOrientationPortrait;
				LD_RUNPATH_SEARCH_PATHS = (
					"$(inherited)",
					"@executable_path/Frameworks",
				);
				MARKETING_VERSION = 1.0;
				PRODUCT_BUNDLE_IDENTIFIER = io.macroflex.MacroFlexV1;
				PRODUCT_NAME = "$(TARGET_NAME)";
				SWIFT_EMIT_LOC_STRINGS = YES;
				SWIFT_VERSION = 5.0;
				TARGETED_DEVICE_FAMILY = "1,2";
			};
			name = Debug;
		};
		8934133929D7897100D9457B /* Release */ = {
			isa = XCBuildConfiguration;
			buildSettings = {
				ASSETCATALOG_COMPILER_APPICON_NAME = AppIcon;
				ASSETCATALOG_COMPILER_GLOBAL_ACCENT_COLOR_NAME = AccentColor;
				CODE_SIGN_ENTITLEMENTS = MacroFlexV1/MacroFlexV1.entitlements;
				CODE_SIGN_STYLE = Automatic;
				CURRENT_PROJECT_VERSION = 1;
				DEVELOPMENT_ASSET_PATHS = "\"MacroFlexV1/Preview Content\"";
				DEVELOPMENT_TEAM = PTCJNTGP22;
				ENABLE_PREVIEWS = YES;
				GENERATE_INFOPLIST_FILE = YES;
				INFOPLIST_KEY_CFBundleDisplayName = MacroFlex;
				INFOPLIST_KEY_LSApplicationCategoryType = "public.app-category.healthcare-fitness";
				INFOPLIST_KEY_NSHealthClinicalHealthRecordsShareUsageDescription = "This app allows you to keep track of all your health data in one place. We need your permissions to access this data.";
				INFOPLIST_KEY_NSHealthShareUsageDescription = "This app allows you to keep track of all your health data in one place. We need your permissions to access this data.";
				INFOPLIST_KEY_NSHealthUpdateUsageDescription = "This app allows you to keep track of all your health data in one place.";
				INFOPLIST_KEY_UIApplicationSceneManifest_Generation = YES;
				INFOPLIST_KEY_UIApplicationSupportsIndirectInputEvents = YES;
				INFOPLIST_KEY_UILaunchScreen_Generation = YES;
				INFOPLIST_KEY_UISupportedInterfaceOrientations = UIInterfaceOrientationPortrait;
				LD_RUNPATH_SEARCH_PATHS = (
					"$(inherited)",
					"@executable_path/Frameworks",
				);
				MARKETING_VERSION = 1.0;
				PRODUCT_BUNDLE_IDENTIFIER = io.macroflex.MacroFlexV1;
				PRODUCT_NAME = "$(TARGET_NAME)";
				SWIFT_EMIT_LOC_STRINGS = YES;
				SWIFT_VERSION = 5.0;
				TARGETED_DEVICE_FAMILY = "1,2";
			};
			name = Release;
		};
/* End XCBuildConfiguration section */

/* Begin XCConfigurationList section */
		8934132429D7897000D9457B /* Build configuration list for PBXProject "MacroFlexV1" */ = {
			isa = XCConfigurationList;
			buildConfigurations = (
				8934133529D7897100D9457B /* Debug */,
				8934133629D7897100D9457B /* Release */,
			);
			defaultConfigurationIsVisible = 0;
			defaultConfigurationName = Release;
		};
		8934133729D7897100D9457B /* Build configuration list for PBXNativeTarget "MacroFlexV1" */ = {
			isa = XCConfigurationList;
			buildConfigurations = (
				8934133829D7897100D9457B /* Debug */,
				8934133929D7897100D9457B /* Release */,
			);
			defaultConfigurationIsVisible = 0;
			defaultConfigurationName = Release;
		};
/* End XCConfigurationList section */

/* Begin XCRemoteSwiftPackageReference section */
		8934133A29D78A4F00D9457B /* XCRemoteSwiftPackageReference "SwiftfulRouting" */ = {
			isa = XCRemoteSwiftPackageReference;
			repositoryURL = "https://github.com/SwiftfulThinking/SwiftfulRouting.git";
			requirement = {
				kind = upToNextMajorVersion;
				minimumVersion = 3.0.0;
			};
		};
		89B7BBA22A5F4D5000789E46 /* XCRemoteSwiftPackageReference "JWTDecode" */ = {
			isa = XCRemoteSwiftPackageReference;
			repositoryURL = "https://github.com/auth0/JWTDecode.swift";
			requirement = {
				kind = upToNextMajorVersion;
				minimumVersion = 3.0.0;
			};
		};
		89BAF0012A33C8100013F97E /* XCRemoteSwiftPackageReference "firebase-ios-sdk" */ = {
			isa = XCRemoteSwiftPackageReference;
			repositoryURL = "https://github.com/firebase/firebase-ios-sdk";
			requirement = {
				kind = upToNextMajorVersion;
				minimumVersion = 10.0.0;
			};
		};
		89BAF0132A392AD50013F97E /* XCRemoteSwiftPackageReference "supabase-swift" */ = {
			isa = XCRemoteSwiftPackageReference;
			repositoryURL = "https://github.com/supabase/supabase-swift.git";
			requirement = {
				kind = upToNextMajorVersion;
				minimumVersion = 0.2.1;
			};
		};
/* End XCRemoteSwiftPackageReference section */

/* Begin XCSwiftPackageProductDependency section */
		8934133B29D78A4F00D9457B /* SwiftfulRouting */ = {
			isa = XCSwiftPackageProductDependency;
			package = 8934133A29D78A4F00D9457B /* XCRemoteSwiftPackageReference "SwiftfulRouting" */;
			productName = SwiftfulRouting;
		};
		89B7BBA32A5F4D5000789E46 /* JWTDecode */ = {
			isa = XCSwiftPackageProductDependency;
			package = 89B7BBA22A5F4D5000789E46 /* XCRemoteSwiftPackageReference "JWTDecode" */;
			productName = JWTDecode;
		};
		89BAF0022A33C8100013F97E /* FirebaseAuth */ = {
			isa = XCSwiftPackageProductDependency;
			package = 89BAF0012A33C8100013F97E /* XCRemoteSwiftPackageReference "firebase-ios-sdk" */;
			productName = FirebaseAuth;
		};
		89BAF0042A33C8100013F97E /* FirebaseFirestore */ = {
			isa = XCSwiftPackageProductDependency;
			package = 89BAF0012A33C8100013F97E /* XCRemoteSwiftPackageReference "firebase-ios-sdk" */;
			productName = FirebaseFirestore;
		};
		89BAF0062A33C8100013F97E /* FirebaseFirestoreSwift */ = {
			isa = XCSwiftPackageProductDependency;
			package = 89BAF0012A33C8100013F97E /* XCRemoteSwiftPackageReference "firebase-ios-sdk" */;
			productName = FirebaseFirestoreSwift;
		};
		89BAF0082A33C8100013F97E /* FirebaseStorage */ = {
			isa = XCSwiftPackageProductDependency;
			package = 89BAF0012A33C8100013F97E /* XCRemoteSwiftPackageReference "firebase-ios-sdk" */;
			productName = FirebaseStorage;
		};
		89BAF0142A392AD50013F97E /* Supabase */ = {
			isa = XCSwiftPackageProductDependency;
			package = 89BAF0132A392AD50013F97E /* XCRemoteSwiftPackageReference "supabase-swift" */;
			productName = Supabase;
		};
/* End XCSwiftPackageProductDependency section */
	};
	rootObject = 8934132129D7897000D9457B /* Project object */;
}
